<?xml version="1.0" encoding="utf-8"?>
<Project ToolsVersion="17.0" xmlns="http://schemas.microsoft.com/developer/msbuild/2003">
  <ItemGroup>
    <CustomBuild Include="C:\Users\26021\Desktop\sim\CMakeFiles\eb976d407291a7e94fe080af24505665\generate.stamp.rule">
      <Filter>CMake Rules</Filter>
    </CustomBuild>
  </ItemGroup>
  <ItemGroup>
    <Filter Include="CMake Rules">
      <UniqueIdentifier>{DDC81A6A-A9A7-398E-A05C-128AC82414DA}</UniqueIdentifier>
    </Filter>
  </ItemGroup>
</Project>
